Microsoft Visual Studio Solution File, Format Version 12.00
# Visual Studio Version 17
VisualStudioVersion = 17.5.2.0
MinimumVisualStudioVersion = 10.0.40219.1
Project("{FAE04EC0-301F-11D3-BF4B-00C04F79EFBC}") = "quantm-be", "quantm-be.csproj", "{60F83198-1F5F-E2C9-E7D0-00AD264ECD2C}"
EndProject
Global
	GlobalSection(SolutionConfigurationPlatforms) = preSolution
		Debug|Any CPU = Debug|Any CPU
		Release|Any CPU = Release|Any CPU
	EndGlobalSection
	GlobalSection(ProjectConfigurationPlatforms) = postSolution
		{60F83198-1F5F-E2C9-E7D0-00AD264ECD2C}.Debug|Any CPU.ActiveCfg = Debug|Any CPU
		{60F83198-1F5F-E2C9-E7D0-00AD264ECD2C}.Debug|Any CPU.Build.0 = Debug|Any CPU
		{60F83198-1F5F-E2C9-E7D0-00AD264ECD2C}.Release|Any CPU.ActiveCfg = Release|Any CPU
		{60F83198-1F5F-E2C9-E7D0-00AD264ECD2C}.Release|Any CPU.Build.0 = Release|Any CPU
	EndGlobalSection
	GlobalSection(SolutionProperties) = preSolution
		HideSolutionNode = FALSE
	EndGlobalSection
	GlobalSection(ExtensibilityGlobals) = postSolution
		SolutionGuid = {6C19F59F-312B-4678-9E8E-0CFDF7AED8E7}
	EndGlobalSection
EndGlobal
